<?xml version="1.0" encoding="utf-8"?>
<Project ToolsVersion="4.0" xmlns="http://schemas.microsoft.com/developer/msbuild/2003">
  <ItemGroup>
    <Filter Include="Source Files">
      <UniqueIdentifier>{4FC737F1-C7A5-4376-A066-2A32D752A2FF}</UniqueIdentifier>
      <Extensions>cpp;c;cc;cxx;c++;cppm;ixx;def;odl;idl;hpj;bat;asm;asmx</Extensions>
    </Filter>
    <Filter Include="Header Files">
      <UniqueIdentifier>{93995380-89BD-4b04-88EB-625FBE52EBFB}</UniqueIdentifier>
      <Extensions>h;hh;hpp;hxx;h++;hm;inl;inc;ipp;xsd</Extensions>
    </Filter>
    <Filter Include="Resource Files">
      <UniqueIdentifier>{67DA6AB6-F800-4c08-8B7A-83BB121AAD01}</UniqueIdentifier>
      <Extensions>rc;ico;cur;bmp;dlg;rc2;rct;bin;rgs;gif;jpg;jpeg;jpe;resx;tiff;tif;png;wav;mfcribbon-ms</Extensions>
    </Filter>
    <Filter Include="Resource Files\shaders">
      <UniqueIdentifier>{4398cfa5-6864-4790-91ac-c566963a3bfd}</UniqueIdentifier>
    </Filter>
    <Filter Include="Resource Files\devlog">
      <UniqueIdentifier>{3e23f42f-b458-4e33-9b1d-9b3cafce9aeb}</UniqueIdentifier>
    </Filter>
    <Filter Include="Resource Files\textures">
      <UniqueIdentifier>{834c40bb-64c0-4f10-be5e-e4007c057092}</UniqueIdentifier>
    </Filter>
  </ItemGroup>
  <ItemGroup>
    <ClCompile Include="glad.c">
      <Filter>Source Files</Filter>
    </ClCompile>
    <ClCompile Include="main.cpp">
      <Filter>Source Files</Filter>
    </ClCompile>
    <ClCompile Include="GLObjects.h">
      <Filter>Header Files</Filter>
    </ClCompile>
    <ClCompile Include="GLObjects.cpp">
      <Filter>Source Files</Filter>
    </ClCompile>
    <ClCompile Include="stb.cpp">
      <Filter>Source Files</Filter>
    </ClCompile>
    <ClCompile Include="world.h">
      <Filter>Header Files</Filter>
    </ClCompile>
    <ClCompile Include="world.cpp">
      <Filter>Source Files</Filter>
    </ClCompile>
    <ClCompile Include="debug.cpp">
      <Filter>Source Files</Filter>
    </ClCompile>
    <ClCompile Include="gui.cpp">
      <Filter>Source Files</Filter>
    </ClCompile>
    <ClCompile Include="rendering.cpp">
      <Filter>Source Files</Filter>
    </ClCompile>
    <ClCompile Include="blocks.cpp">
      <Filter>Source Files</Filter>
    </ClCompile>
    <ClCompile Include="plants.cpp">
      <Filter>Source Files</Filter>
    </ClCompile>
    <ClCompile Include="collision.cpp">
      <Filter>Source Files</Filter>
    </ClCompile>
    <ClCompile Include="weather.cpp">
      <Filter>Source Files</Filter>
    </ClCompile>
  </ItemGroup>
  <ItemGroup>
    <ClInclude Include="camera.h">
      <Filter>Header Files</Filter>
    </ClInclude>
    <ClInclude Include="ray.h">
      <Filter>Header Files</Filter>
    </ClInclude>
    <ClInclude Include="debug.h">
      <Filter>Header Files</Filter>
    </ClInclude>
    <ClInclude Include="gui.h">
      <Filter>Header Files</Filter>
    </ClInclude>
    <ClInclude Include="rendering.hpp">
      <Filter>Header Files</Filter>
    </ClInclude>
    <ClInclude Include="blocks.hpp">
      <Filter>Header Files</Filter>
    </ClInclude>
    <ClInclude Include="plants.hpp">
      <Filter>Header Files</Filter>
    </ClInclude>
    <ClInclude Include="collision.h">
      <Filter>Header Files</Filter>
    </ClInclude>
    <ClInclude Include="weather.h">
      <Filter>Header Files</Filter>
    </ClInclude>
  </ItemGroup>
  <ItemGroup>
    <None Include="solidcolor.vs">
      <Filter>Resource Files\shaders</Filter>
    </None>
    <None Include="solidcolor.fs">
      <Filter>Resource Files\shaders</Filter>
    </None>
    <None Include="texture.fs">
      <Filter>Resource Files\shaders</Filter>
    </None>
    <None Include="texture.vs">
      <Filter>Resource Files\shaders</Filter>
    </None>
    <None Include="basic.fs">
      <Filter>Resource Files\shaders</Filter>
    </None>
    <None Include="basic.vs">
      <Filter>Resource Files\shaders</Filter>
    </None>
    <None Include="circleui.vert">
      <Filter>Resource Files\shaders</Filter>
    </None>
    <None Include="circleui.frag">
      <Filter>Resource Files\shaders</Filter>
    </None>
    <None Include="cutout.fs">
      <Filter>Resource Files\shaders</Filter>
    </None>
    <None Include="wave.fs">
      <Filter>Resource Files\shaders</Filter>
    </None>
    <None Include="wave.vs">
      <Filter>Resource Files\shaders</Filter>
    </None>
    <None Include="solidGUI.fs">
      <Filter>Resource Files\shaders</Filter>
    </None>
    <None Include="solidGUI.vs">
      <Filter>Resource Files\shaders</Filter>
    </None>
    <None Include="billboard.vs">
      <Filter>Resource Files\shaders</Filter>
    </None>
    <None Include="cutout_basic.fs">
      <Filter>Resource Files\shaders</Filter>
    </None>
  </ItemGroup>
  <ItemGroup>
    <Text Include="timelog.txt">
      <Filter>Resource Files\devlog</Filter>
    </Text>
  </ItemGroup>
  <ItemGroup>
    <Image Include="temp\dirt_top_x64.png">
      <Filter>Resource Files\textures</Filter>
    </Image>
    <Image Include="temp\dirt_bottom_x64.png">
      <Filter>Resource Files\textures</Filter>
    </Image>
    <Image Include="temp\dirt_side_x64.png">
      <Filter>Resource Files\textures</Filter>
    </Image>
    <Image Include="atlas.png">
      <Filter>Resource Files\textures</Filter>
    </Image>
    <Image Include="raindrop.png">
      <Filter>Resource Files\textures</Filter>
    </Image>
  </ItemGroup>
</Project>